github.com/elliotchance/orderedmap/v2 v2.4.0 h1:6tUmMwD9F998FNpwFxA5E6NQvSpk2PVw7RKsVq3+2Cw=
github.com/elliotchance/orderedmap/v2 v2.4.0/go.mod h1:85lZyVbpGaGvHvnKa7Qhx7zncAdBIBq6u56Hb1PRU5Q=
github.com/hashicorp/go-version v1.7.0 h1:5tqGy27NaOTB8yJKUZELlFAS/LTKJkrmONwQKeRZfjY=
github.com/hashicorp/go-version v1.7.0/go.mod h1:fltr4n8CU8Ke44wwGCBoEymUuxUHl09ZGVZPK5anwXA=
github.com/knqyf263/go-rpm-version v0.0.0-20240918084003-2afd7dc6a38f h1:xt29M2T6STgldg+WEP51gGePQCsQvklmP2eIhPIBK3g=
github.com/knqyf263/go-rpm-version v0.0.0-20240918084003-2afd7dc6a38f/go.mod h1:i4sF0l1fFnY1aiw08QQSwVAFxHEm311Me3WsU/X7nL0=
gopkg.in/check.v1 v0.0.0-20161208181325-20d25e280405/go.mod h1:Co6ibVJAznAaIkqp8huTwlJQCZ016jof/cbN4VW5Yz0=
gopkg.in/yaml.v3 v3.0.1 h1:fxVm/GzAzEWqLHuvctI91KS9hhNmmWOoWu0XTYJS7CA=
gopkg.in/yaml.v3 v3.0.1/go.mod h1:K4uyk7z7BCEPqu6E+C64Yfv1cQ7kz7rIZviUmN+EgEM=
